
Microsoft Visual Studio Solution File, Format Version 12.00
# Visual Studio 2013
VisualStudioVersion = 12.0.21005.1
MinimumVisualStudioVersion = 10.0.40219.1
Project("{FAE04EC0-301F-11D3-BF4B-00C04F79EFBC}") = "VS-Audio-Player", "VS-Audio-Player\VS-Audio-Player.csproj", "{ADCD7CE9-F73D-4E03-8C4B-9550F8745650}"
EndProject
Global
	GlobalSection(SolutionConfigurationPlatforms) = preSolution
		Debug|Any CPU = Debug|Any CPU
		Release|Any CPU = Release|Any CPU
	EndGlobalSection
	GlobalSection(ProjectConfigurationPlatforms) = postSolution
		{ADCD7CE9-F73D-4E03-8C4B-9550F8745650}.Debug|Any CPU.ActiveCfg = Debug|Any CPU
		{ADCD7CE9-F73D-4E03-8C4B-9550F8745650}.Debug|Any CPU.Build.0 = Debug|Any CPU
		{ADCD7CE9-F73D-4E03-8C4B-9550F8745650}.Release|Any CPU.ActiveCfg = Release|Any CPU
		{ADCD7CE9-F73D-4E03-8C4B-9550F8745650}.Release|Any CPU.Build.0 = Release|Any CPU
	EndGlobalSection
	GlobalSection(SolutionProperties) = preSolution
		HideSolutionNode = FALSE
	EndGlobalSection
EndGlobal
